
Microsoft Visual Studio Solution File, Format Version 12.00
# Visual Studio Version 17
VisualStudioVersion = 17.11.35208.52
MinimumVisualStudioVersion = 10.0.40219.1
Project("{888888A0-9F3D-457C-B088-3A5042F75D52}") = "PantallaBlancaPy", "PantallaBlancaPy\PantallaBlancaPy.pyproj", "{363477B4-0EA2-4A20-BE45-4AE0A3AB208C}"
EndProject
Global
	GlobalSection(SolutionConfigurationPlatforms) = preSolution
		Debug|Any CPU = Debug|Any CPU
		Release|Any CPU = Release|Any CPU
	EndGlobalSection
	GlobalSection(ProjectConfigurationPlatforms) = postSolution
		{363477B4-0EA2-4A20-BE45-4AE0A3AB208C}.Debug|Any CPU.ActiveCfg = Debug|Any CPU
		{363477B4-0EA2-4A20-BE45-4AE0A3AB208C}.Release|Any CPU.ActiveCfg = Release|Any CPU
	EndGlobalSection
	GlobalSection(SolutionProperties) = preSolution
		HideSolutionNode = FALSE
	EndGlobalSection
	GlobalSection(ExtensibilityGlobals) = postSolution
		SolutionGuid = {9FE2FED6-437F-4FE4-ABBA-6833F59EB731}
	EndGlobalSection
EndGlobal
